// !$*UTF8*$!
{
	archiveVersion = 1;
	classes = {
	};
	objectVersion = 56;
	objects = {

/* Begin PBXBuildFile section */
		B56F20A52A09992600DCD54E /* AppDelegate.swift in Sources */ = {isa = PBXBuildFile; fileRef = B56F20A42A09992600DCD54E /* AppDelegate.swift */; };
		B56F20A72A09992600DCD54E /* SceneDelegate.swift in Sources */ = {isa = PBXBuildFile; fileRef = B56F20A62A09992600DCD54E /* SceneDelegate.swift */; };
		B56F20A92A09992600DCD54E /* ViewController.swift in Sources */ = {isa = PBXBuildFile; fileRef = B56F20A82A09992600DCD54E /* ViewController.swift */; };
		B56F20AE2A09992700DCD54E /* Assets.xcassets in Resources */ = {isa = PBXBuildFile; fileRef = B56F20AD2A09992700DCD54E /* Assets.xcassets */; };
		B56F20B12A09992700DCD54E /* LaunchScreen.storyboard in Resources */ = {isa = PBXBuildFile; fileRef = B56F20AF2A09992700DCD54E /* LaunchScreen.storyboard */; };
		B56F20B92A09994000DCD54E /* NetworkService.swift in Sources */ = {isa = PBXBuildFile; fileRef = B56F20B82A09994000DCD54E /* NetworkService.swift */; };
		B56F20BE2A0B7F3200DCD54E /* Model.swift in Sources */ = {isa = PBXBuildFile; fileRef = B56F20BD2A0B7F3200DCD54E /* Model.swift */; };
		B56F20C42A0BA13F00DCD54E /* Bundle + ext.swift in Sources */ = {isa = PBXBuildFile; fileRef = B56F20C32A0BA13F00DCD54E /* Bundle + ext.swift */; };
		B56F20C52A0BA35200DCD54E /* mocData.json in Resources */ = {isa = PBXBuildFile; fileRef = B56F20C22A0B9CF000DCD54E /* mocData.json */; };
		B56F20CA2A0BA82C00DCD54E /* Const.swift in Sources */ = {isa = PBXBuildFile; fileRef = B56F20C92A0BA82C00DCD54E /* Const.swift */; };
		B56F20CD2A0BABF300DCD54E /* CompanyCell.swift in Sources */ = {isa = PBXBuildFile; fileRef = B56F20CC2A0BABF300DCD54E /* CompanyCell.swift */; };
		B5ED3DEC2A0BBD100010794B /* UIView + ext.swift in Sources */ = {isa = PBXBuildFile; fileRef = B5ED3DEB2A0BBD100010794B /* UIView + ext.swift */; };
		B5ED3DF02A0C2A9F0010794B /* VerticalStackView.swift in Sources */ = {isa = PBXBuildFile; fileRef = B5ED3DEF2A0C2A9F0010794B /* VerticalStackView.swift */; };
		B5ED3DF22A0C2C640010794B /* HorizontalStackView.swift in Sources */ = {isa = PBXBuildFile; fileRef = B5ED3DF12A0C2C640010794B /* HorizontalStackView.swift */; };
		B5ED3DF42A0C2DC90010794B /* TopView.swift in Sources */ = {isa = PBXBuildFile; fileRef = B5ED3DF32A0C2DC90010794B /* TopView.swift */; };
		B5ED3DF62A0C2F890010794B /* MiddleView.swift in Sources */ = {isa = PBXBuildFile; fileRef = B5ED3DF52A0C2F890010794B /* MiddleView.swift */; };
		B5ED3DF82A0C345F0010794B /* DividerView.swift in Sources */ = {isa = PBXBuildFile; fileRef = B5ED3DF72A0C345F0010794B /* DividerView.swift */; };
		B5ED3DFA2A0C34F50010794B /* BottomView.swift in Sources */ = {isa = PBXBuildFile; fileRef = B5ED3DF92A0C34F50010794B /* BottomView.swift */; };
		B5ED3DFC2A0C3AD80010794B /* UILabel + ext.swift in Sources */ = {isa = PBXBuildFile; fileRef = B5ED3DFB2A0C3AD80010794B /* UILabel + ext.swift */; };
		B5ED3E002A0CC9BC0010794B /* ApiError.swift in Sources */ = {isa = PBXBuildFile; fileRef = B5ED3DFF2A0CC9BC0010794B /* ApiError.swift */; };
		B5ED3E022A0CDC3A0010794B /* ApiUrl.swift in Sources */ = {isa = PBXBuildFile; fileRef = B5ED3E012A0CDC3A0010794B /* ApiUrl.swift */; };
		B5ED3E042A0CEBDB0010794B /* ViewModel.swift in Sources */ = {isa = PBXBuildFile; fileRef = B5ED3E032A0CEBDB0010794B /* ViewModel.swift */; };
		B5ED3E082A0CEC5D0010794B /* Event.swift in Sources */ = {isa = PBXBuildFile; fileRef = B5ED3E072A0CEC5D0010794B /* Event.swift */; };
/* End PBXBuildFile section */

/* Begin PBXFileReference section */
		B56F20A12A09992600DCD54E /* BonusmoneyTest.app */ = {isa = PBXFileReference; explicitFileType = wrapper.application; includeInIndex = 0; path = BonusmoneyTest.app; sourceTree = BUILT_PRODUCTS_DIR; };
		B56F20A42A09992600DCD54E /* AppDelegate.swift */ = {isa = PBXFileReference; lastKnownFileType = sourcecode.swift; path = AppDelegate.swift; sourceTree = "<group>"; };
		B56F20A62A09992600DCD54E /* SceneDelegate.swift */ = {isa = PBXFileReference; lastKnownFileType = sourcecode.swift; path = SceneDelegate.swift; sourceTree = "<group>"; };
		B56F20A82A09992600DCD54E /* ViewController.swift */ = {isa = PBXFileReference; lastKnownFileType = sourcecode.swift; path = ViewController.swift; sourceTree = "<group>"; };
		B56F20AD2A09992700DCD54E /* Assets.xcassets */ = {isa = PBXFileReference; lastKnownFileType = folder.assetcatalog; path = Assets.xcassets; sourceTree = "<group>"; };
		B56F20B02A09992700DCD54E /* Base */ = {isa = PBXFileReference; lastKnownFileType = file.storyboard; name = Base; path = Base.lproj/LaunchScreen.storyboard; sourceTree = "<group>"; };
		B56F20B22A09992700DCD54E /* Info.plist */ = {isa = PBXFileReference; lastKnownFileType = text.plist.xml; path = Info.plist; sourceTree = "<group>"; };
		B56F20B82A09994000DCD54E /* NetworkService.swift */ = {isa = PBXFileReference; lastKnownFileType = sourcecode.swift; path = NetworkService.swift; sourceTree = "<group>"; };
		B56F20BD2A0B7F3200DCD54E /* Model.swift */ = {isa = PBXFileReference; lastKnownFileType = sourcecode.swift; path = Model.swift; sourceTree = "<group>"; };
		B56F20C22A0B9CF000DCD54E /* mocData.json */ = {isa = PBXFileReference; lastKnownFileType = text.json; path = mocData.json; sourceTree = "<group>"; };
		B56F20C32A0BA13F00DCD54E /* Bundle + ext.swift */ = {isa = PBXFileReference; lastKnownFileType = sourcecode.swift; path = "Bundle + ext.swift"; sourceTree = "<group>"; };
		B56F20C92A0BA82C00DCD54E /* Const.swift */ = {isa = PBXFileReference; lastKnownFileType = sourcecode.swift; path = Const.swift; sourceTree = "<group>"; };
		B56F20CC2A0BABF300DCD54E /* CompanyCell.swift */ = {isa = PBXFileReference; lastKnownFileType = sourcecode.swift; path = CompanyCell.swift; sourceTree = "<group>"; };
		B5ED3DEB2A0BBD100010794B /* UIView + ext.swift */ = {isa = PBXFileReference; lastKnownFileType = sourcecode.swift; path = "UIView + ext.swift"; sourceTree = "<group>"; };
		B5ED3DEF2A0C2A9F0010794B /* VerticalStackView.swift */ = {isa = PBXFileReference; lastKnownFileType = sourcecode.swift; path = VerticalStackView.swift; sourceTree = "<group>"; };
		B5ED3DF12A0C2C640010794B /* HorizontalStackView.swift */ = {isa = PBXFileReference; lastKnownFileType = sourcecode.swift; path = HorizontalStackView.swift; sourceTree = "<group>"; };
		B5ED3DF32A0C2DC90010794B /* TopView.swift */ = {isa = PBXFileReference; lastKnownFileType = sourcecode.swift; path = TopView.swift; sourceTree = "<group>"; };
		B5ED3DF52A0C2F890010794B /* MiddleView.swift */ = {isa = PBXFileReference; lastKnownFileType = sourcecode.swift; path = MiddleView.swift; sourceTree = "<group>"; };
		B5ED3DF72A0C345F0010794B /* DividerView.swift */ = {isa = PBXFileReference; lastKnownFileType = sourcecode.swift; path = DividerView.swift; sourceTree = "<group>"; };
		B5ED3DF92A0C34F50010794B /* BottomView.swift */ = {isa = PBXFileReference; lastKnownFileType = sourcecode.swift; path = BottomView.swift; sourceTree = "<group>"; };
		B5ED3DFB2A0C3AD80010794B /* UILabel + ext.swift */ = {isa = PBXFileReference; lastKnownFileType = sourcecode.swift; path = "UILabel + ext.swift"; sourceTree = "<group>"; };
		B5ED3DFF2A0CC9BC0010794B /* ApiError.swift */ = {isa = PBXFileReference; lastKnownFileType = sourcecode.swift; path = ApiError.swift; sourceTree = "<group>"; };
		B5ED3E012A0CDC3A0010794B /* ApiUrl.swift */ = {isa = PBXFileReference; lastKnownFileType = sourcecode.swift; path = ApiUrl.swift; sourceTree = "<group>"; };
		B5ED3E032A0CEBDB0010794B /* ViewModel.swift */ = {isa = PBXFileReference; lastKnownFileType = sourcecode.swift; path = ViewModel.swift; sourceTree = "<group>"; };
		B5ED3E072A0CEC5D0010794B /* Event.swift */ = {isa = PBXFileReference; lastKnownFileType = sourcecode.swift; path = Event.swift; sourceTree = "<group>"; };
/* End PBXFileReference section */

/* Begin PBXFrameworksBuildPhase section */
		B56F209E2A09992600DCD54E /* Frameworks */ = {
			isa = PBXFrameworksBuildPhase;
			buildActionMask = 2147483647;
			files = (
			);
			runOnlyForDeploymentPostprocessing = 0;
		};
/* End PBXFrameworksBuildPhase section */

/* Begin PBXGroup section */
		B56F20982A09992600DCD54E = {
			isa = PBXGroup;
			children = (
				B56F20A32A09992600DCD54E /* BonusmoneyTest */,
				B56F20A22A09992600DCD54E /* Products */,
			);
			sourceTree = "<group>";
		};
		B56F20A22A09992600DCD54E /* Products */ = {
			isa = PBXGroup;
			children = (
				B56F20A12A09992600DCD54E /* BonusmoneyTest.app */,
			);
			name = Products;
			sourceTree = "<group>";
		};
		B56F20A32A09992600DCD54E /* BonusmoneyTest */ = {
			isa = PBXGroup;
			children = (
				B56F20BB2A0B7E6600DCD54E /* App */,
				B56F20A82A09992600DCD54E /* ViewController.swift */,
				B5ED3E032A0CEBDB0010794B /* ViewModel.swift */,
				B56F20CB2A0BAB9E00DCD54E /* Cell */,
				B56F20C82A0BA7EF00DCD54E /* Helpers */,
				B56F20BD2A0B7F3200DCD54E /* Model.swift */,
				B56F20C22A0B9CF000DCD54E /* mocData.json */,
				B56F20BF2A0B9C1600DCD54E /* Service */,
				B56F20BC2A0B7E7200DCD54E /* Resource */,
			);
			path = BonusmoneyTest;
			sourceTree = "<group>";
		};
		B56F20BB2A0B7E6600DCD54E /* App */ = {
			isa = PBXGroup;
			children = (
				B56F20A42A09992600DCD54E /* AppDelegate.swift */,
				B56F20A62A09992600DCD54E /* SceneDelegate.swift */,
			);
			path = App;
			sourceTree = "<group>";
		};
		B56F20BC2A0B7E7200DCD54E /* Resource */ = {
			isa = PBXGroup;
			children = (
				B56F20AD2A09992700DCD54E /* Assets.xcassets */,
				B56F20AF2A09992700DCD54E /* LaunchScreen.storyboard */,
				B56F20B22A09992700DCD54E /* Info.plist */,
			);
			path = Resource;
			sourceTree = "<group>";
		};
		B56F20BF2A0B9C1600DCD54E /* Service */ = {
			isa = PBXGroup;
			children = (
				B56F20B82A09994000DCD54E /* NetworkService.swift */,
				B5ED3E012A0CDC3A0010794B /* ApiUrl.swift */,
				B5ED3DFF2A0CC9BC0010794B /* ApiError.swift */,
				B5ED3E072A0CEC5D0010794B /* Event.swift */,
			);
			path = Service;
			sourceTree = "<group>";
		};
		B56F20C82A0BA7EF00DCD54E /* Helpers */ = {
			isa = PBXGroup;
			children = (
				B5ED3DFE2A0C42210010794B /* Extension */,
				B56F20C92A0BA82C00DCD54E /* Const.swift */,
				B5ED3DEF2A0C2A9F0010794B /* VerticalStackView.swift */,
				B5ED3DF12A0C2C640010794B /* HorizontalStackView.swift */,
			);
			path = Helpers;
			sourceTree = "<group>";
		};
		B56F20CB2A0BAB9E00DCD54E /* Cell */ = {
			isa = PBXGroup;
			children = (
				B5ED3DFD2A0C41FA0010794B /* SubViewCell */,
				B56F20CC2A0BABF300DCD54E /* CompanyCell.swift */,
			);
			path = Cell;
			sourceTree = "<group>";
		};
		B5ED3DFD2A0C41FA0010794B /* SubViewCell */ = {
			isa = PBXGroup;
			children = (
				B5ED3DF32A0C2DC90010794B /* TopView.swift */,
				B5ED3DF52A0C2F890010794B /* MiddleView.swift */,
				B5ED3DF92A0C34F50010794B /* BottomView.swift */,
				B5ED3DF72A0C345F0010794B /* DividerView.swift */,
			);
			path = SubViewCell;
			sourceTree = "<group>";
		};
		B5ED3DFE2A0C42210010794B /* Extension */ = {
			isa = PBXGroup;
			children = (
				B5ED3DEB2A0BBD100010794B /* UIView + ext.swift */,
				B56F20C32A0BA13F00DCD54E /* Bundle + ext.swift */,
				B5ED3DFB2A0C3AD80010794B /* UILabel + ext.swift */,
			);
			path = Extension;
			sourceTree = "<group>";
		};
/* End PBXGroup section */

/* Begin PBXNativeTarget section */
		B56F20A02A09992600DCD54E /* BonusmoneyTest */ = {
			isa = PBXNativeTarget;
			buildConfigurationList = B56F20B52A09992700DCD54E /* Build configuration list for PBXNativeTarget "BonusmoneyTest" */;
			buildPhases = (
				B56F209D2A09992600DCD54E /* Sources */,
				B56F209E2A09992600DCD54E /* Frameworks */,
				B56F209F2A09992600DCD54E /* Resources */,
			);
			buildRules = (
			);
			dependencies = (
			);
			name = BonusmoneyTest;
			productName = MoneyTest;
			productReference = B56F20A12A09992600DCD54E /* BonusmoneyTest.app */;
			productType = "com.apple.product-type.application";
		};
/* End PBXNativeTarget section */

/* Begin PBXProject section */
		B56F20992A09992600DCD54E /* Project object */ = {
			isa = PBXProject;
			attributes = {
				BuildIndependentTargetsInParallel = 1;
				LastSwiftUpdateCheck = 1430;
				LastUpgradeCheck = 1430;
				TargetAttributes = {
					B56F20A02A09992600DCD54E = {
						CreatedOnToolsVersion = 14.3;
					};
				};
			};
			buildConfigurationList = B56F209C2A09992600DCD54E /* Build configuration list for PBXProject "BonusmoneyTest" */;
			compatibilityVersion = "Xcode 14.0";
			developmentRegion = en;
			hasScannedForEncodings = 0;
			knownRegions = (
				en,
				Base,
			);
			mainGroup = B56F20982A09992600DCD54E;
			productRefGroup = B56F20A22A09992600DCD54E /* Products */;
			projectDirPath = "";
			projectRoot = "";
			targets = (
				B56F20A02A09992600DCD54E /* BonusmoneyTest */,
			);
		};
/* End PBXProject section */

/* Begin PBXResourcesBuildPhase section */
		B56F209F2A09992600DCD54E /* Resources */ = {
			isa = PBXResourcesBuildPhase;
			buildActionMask = 2147483647;
			files = (
				B56F20B12A09992700DCD54E /* LaunchScreen.storyboard in Resources */,
				B56F20C52A0BA35200DCD54E /* mocData.json in Resources */,
				B56F20AE2A09992700DCD54E /* Assets.xcassets in Resources */,
			);
			runOnlyForDeploymentPostprocessing = 0;
		};
/* End PBXResourcesBuildPhase section */

/* Begin PBXSourcesBuildPhase section */
		B56F209D2A09992600DCD54E /* Sources */ = {
			isa = PBXSourcesBuildPhase;
			buildActionMask = 2147483647;
			files = (
				B56F20BE2A0B7F3200DCD54E /* Model.swift in Sources */,
				B5ED3E002A0CC9BC0010794B /* ApiError.swift in Sources */,
				B56F20A92A09992600DCD54E /* ViewController.swift in Sources */,
				B5ED3DF82A0C345F0010794B /* DividerView.swift in Sources */,
				B5ED3E082A0CEC5D0010794B /* Event.swift in Sources */,
				B56F20A52A09992600DCD54E /* AppDelegate.swift in Sources */,
				B56F20C42A0BA13F00DCD54E /* Bundle + ext.swift in Sources */,
				B5ED3DF62A0C2F890010794B /* MiddleView.swift in Sources */,
				B5ED3DEC2A0BBD100010794B /* UIView + ext.swift in Sources */,
				B5ED3E022A0CDC3A0010794B /* ApiUrl.swift in Sources */,
				B56F20CD2A0BABF300DCD54E /* CompanyCell.swift in Sources */,
				B5ED3DFC2A0C3AD80010794B /* UILabel + ext.swift in Sources */,
				B5ED3E042A0CEBDB0010794B /* ViewModel.swift in Sources */,
				B56F20B92A09994000DCD54E /* NetworkService.swift in Sources */,
				B5ED3DFA2A0C34F50010794B /* BottomView.swift in Sources */,
				B5ED3DF02A0C2A9F0010794B /* VerticalStackView.swift in Sources */,
				B56F20CA2A0BA82C00DCD54E /* Const.swift in Sources */,
				B5ED3DF22A0C2C640010794B /* HorizontalStackView.swift in Sources */,
				B5ED3DF42A0C2DC90010794B /* TopView.swift in Sources */,
				B56F20A72A09992600DCD54E /* SceneDelegate.swift in Sources */,
			);
			runOnlyForDeploymentPostprocessing = 0;
		};
/* End PBXSourcesBuildPhase section */

/* Begin PBXVariantGroup section */
		B56F20AF2A09992700DCD54E /* LaunchScreen.storyboard */ = {
			isa = PBXVariantGroup;
			children = (
				B56F20B02A09992700DCD54E /* Base */,
			);
			name = LaunchScreen.storyboard;
			sourceTree = "<group>";
		};
/* End PBXVariantGroup section */

/* Begin XCBuildConfiguration section */
		B56F20B32A09992700DCD54E /* Debug */ = {
			isa = XCBuildConfiguration;
			buildSettings = {
				ALWAYS_SEARCH_USER_PATHS = NO;
				CLANG_ANALYZER_NONNULL = YES;
				CLANG_ANALYZER_NUMBER_OBJECT_CONVERSION = YES_AGGRESSIVE;
				CLANG_CXX_LANGUAGE_STANDARD = "gnu++20";
				CLANG_ENABLE_MODULES = YES;
				CLANG_ENABLE_OBJC_ARC = YES;
				CLANG_ENABLE_OBJC_WEAK = YES;
				CLANG_WARN_BLOCK_CAPTURE_AUTORELEASING = YES;
				CLANG_WARN_BOOL_CONVERSION = YES;
				CLANG_WARN_COMMA = YES;
				CLANG_WARN_CONSTANT_CONVERSION = YES;
				CLANG_WARN_DEPRECATED_OBJC_IMPLEMENTATIONS = YES;
				CLANG_WARN_DIRECT_OBJC_ISA_USAGE = YES_ERROR;
				CLANG_WARN_DOCUMENTATION_COMMENTS = YES;
				CLANG_WARN_EMPTY_BODY = YES;
				CLANG_WARN_ENUM_CONVERSION = YES;
				CLANG_WARN_INFINITE_RECURSION = YES;
				CLANG_WARN_INT_CONVERSION = YES;
				CLANG_WARN_NON_LITERAL_NULL_CONVERSION = YES;
				CLANG_WARN_OBJC_IMPLICIT_RETAIN_SELF = YES;
				CLANG_WARN_OBJC_LITERAL_CONVERSION = YES;
				CLANG_WARN_OBJC_ROOT_CLASS = YES_ERROR;
				CLANG_WARN_QUOTED_INCLUDE_IN_FRAMEWORK_HEADER = YES;
				CLANG_WARN_RANGE_LOOP_ANALYSIS = YES;
				CLANG_WARN_STRICT_PROTOTYPES = YES;
				CLANG_WARN_SUSPICIOUS_MOVE = YES;
				CLANG_WARN_UNGUARDED_AVAILABILITY = YES_AGGRESSIVE;
				CLANG_WARN_UNREACHABLE_CODE = YES;
				CLANG_WARN__DUPLICATE_METHOD_MATCH = YES;
				COPY_PHASE_STRIP = NO;
				DEBUG_INFORMATION_FORMAT = dwarf;
				ENABLE_STRICT_OBJC_MSGSEND = YES;
				ENABLE_TESTABILITY = YES;
				GCC_C_LANGUAGE_STANDARD = gnu11;
				GCC_DYNAMIC_NO_PIC = NO;
				GCC_NO_COMMON_BLOCKS = YES;
				GCC_OPTIMIZATION_LEVEL = 0;
				GCC_PREPROCESSOR_DEFINITIONS = (
					"DEBUG=1",
					"$(inherited)",
				);
				GCC_WARN_64_TO_32_BIT_CONVERSION = YES;
				GCC_WARN_ABOUT_RETURN_TYPE = YES_ERROR;
				GCC_WARN_UNDECLARED_SELECTOR = YES;
				GCC_WARN_UNINITIALIZED_AUTOS = YES_AGGRESSIVE;
				GCC_WARN_UNUSED_FUNCTION = YES;
				GCC_WARN_UNUSED_VARIABLE = YES;
				IPHONEOS_DEPLOYMENT_TARGET = 14.0;
				MTL_ENABLE_DEBUG_INFO = INCLUDE_SOURCE;
				MTL_FAST_MATH = YES;
				ONLY_ACTIVE_ARCH = YES;
				SDKROOT = iphoneos;
				SWIFT_ACTIVE_COMPILATION_CONDITIONS = DEBUG;
				SWIFT_OPTIMIZATION_LEVEL = "-Onone";
			};
			name = Debug;
		};
		B56F20B42A09992700DCD54E /* Release */ = {
			isa = XCBuildConfiguration;
			buildSettings = {
				ALWAYS_SEARCH_USER_PATHS = NO;
				CLANG_ANALYZER_NONNULL = YES;
				CLANG_ANALYZER_NUMBER_OBJECT_CONVERSION = YES_AGGRESSIVE;
				CLANG_CXX_LANGUAGE_STANDARD = "gnu++20";
				CLANG_ENABLE_MODULES = YES;
				CLANG_ENABLE_OBJC_ARC = YES;
				CLANG_ENABLE_OBJC_WEAK = YES;
				CLANG_WARN_BLOCK_CAPTURE_AUTORELEASING = YES;
				CLANG_WARN_BOOL_CONVERSION = YES;
				CLANG_WARN_COMMA = YES;
				CLANG_WARN_CONSTANT_CONVERSION = YES;
				CLANG_WARN_DEPRECATED_OBJC_IMPLEMENTATIONS = YES;
				CLANG_WARN_DIRECT_OBJC_ISA_USAGE = YES_ERROR;
				CLANG_WARN_DOCUMENTATION_COMMENTS = YES;
				CLANG_WARN_EMPTY_BODY = YES;
				CLANG_WARN_ENUM_CONVERSION = YES;
				CLANG_WARN_INFINITE_RECURSION = YES;
				CLANG_WARN_INT_CONVERSION = YES;
				CLANG_WARN_NON_LITERAL_NULL_CONVERSION = YES;
				CLANG_WARN_OBJC_IMPLICIT_RETAIN_SELF = YES;
				CLANG_WARN_OBJC_LITERAL_CONVERSION = YES;
				CLANG_WARN_OBJC_ROOT_CLASS = YES_ERROR;
				CLANG_WARN_QUOTED_INCLUDE_IN_FRAMEWORK_HEADER = YES;
				CLANG_WARN_RANGE_LOOP_ANALYSIS = YES;
				CLANG_WARN_STRICT_PROTOTYPES = YES;
				CLANG_WARN_SUSPICIOUS_MOVE = YES;
				CLANG_WARN_UNGUARDED_AVAILABILITY = YES_AGGRESSIVE;
				CLANG_WARN_UNREACHABLE_CODE = YES;
				CLANG_WARN__DUPLICATE_METHOD_MATCH = YES;
				COPY_PHASE_STRIP = NO;
				DEBUG_INFORMATION_FORMAT = "dwarf-with-dsym";
				ENABLE_NS_ASSERTIONS = NO;
				ENABLE_STRICT_OBJC_MSGSEND = YES;
				GCC_C_LANGUAGE_STANDARD = gnu11;
				GCC_NO_COMMON_BLOCKS = YES;
				GCC_WARN_64_TO_32_BIT_CONVERSION = YES;
				GCC_WARN_ABOUT_RETURN_TYPE = YES_ERROR;
				GCC_WARN_UNDECLARED_SELECTOR = YES;
				GCC_WARN_UNINITIALIZED_AUTOS = YES_AGGRESSIVE;
				GCC_WARN_UNUSED_FUNCTION = YES;
				GCC_WARN_UNUSED_VARIABLE = YES;
				IPHONEOS_DEPLOYMENT_TARGET = 14.0;
				MTL_ENABLE_DEBUG_INFO = NO;
				MTL_FAST_MATH = YES;
				SDKROOT = iphoneos;
				SWIFT_COMPILATION_MODE = wholemodule;
				SWIFT_OPTIMIZATION_LEVEL = "-O";
				VALIDATE_PRODUCT = YES;
			};
			name = Release;
		};
		B56F20B62A09992700DCD54E /* Debug */ = {
			isa = XCBuildConfiguration;
			buildSettings = {
				ASSETCATALOG_COMPILER_APPICON_NAME = AppIcon;
				ASSETCATALOG_COMPILER_GLOBAL_ACCENT_COLOR_NAME = AccentColor;
				CODE_SIGN_STYLE = Automatic;
				CURRENT_PROJECT_VERSION = 1;
				DEVELOPMENT_TEAM = 37FQQ4WXUX;
				GENERATE_INFOPLIST_FILE = YES;
				INFOPLIST_FILE = BonusmoneyTest/Resource/Info.plist;
				INFOPLIST_KEY_UIApplicationSupportsIndirectInputEvents = YES;
				INFOPLIST_KEY_UILaunchStoryboardName = LaunchScreen;
				INFOPLIST_KEY_UIMainStoryboardFile = "";
				INFOPLIST_KEY_UISupportedInterfaceOrientations_iPad = "UIInterfaceOrientationPortrait UIInterfaceOrientationPortraitUpsideDown UIInterfaceOrientationLandscapeLeft UIInterfaceOrientationLandscapeRight";
				INFOPLIST_KEY_UISupportedInterfaceOrientations_iPhone = "UIInterfaceOrientationPortrait UIInterfaceOrientationLandscapeLeft UIInterfaceOrientationLandscapeRight";
				IPHONEOS_DEPLOYMENT_TARGET = 14.0;
				LD_RUNPATH_SEARCH_PATHS = (
					"$(inherited)",
					"@executable_path/Frameworks",
				);
				MARKETING_VERSION = 1.0;
				PRODUCT_BUNDLE_IDENTIFIER = moc.liamg.leghimxela.purchase.test.MoneyTest;
				PRODUCT_NAME = "$(TARGET_NAME)";
				SUPPORTED_PLATFORMS = "iphoneos iphonesimulator";
				SUPPORTS_MACCATALYST = NO;
				SUPPORTS_MAC_DESIGNED_FOR_IPHONE_IPAD = YES;
				SWIFT_EMIT_LOC_STRINGS = YES;
				SWIFT_VERSION = 5.0;
				TARGETED_DEVICE_FAMILY = 1;
			};
			name = Debug;
		};
		B56F20B72A09992700DCD54E /* Release */ = {
			isa = XCBuildConfiguration;
			buildSettings = {
				ASSETCATALOG_COMPILER_APPICON_NAME = AppIcon;
				ASSETCATALOG_COMPILER_GLOBAL_ACCENT_COLOR_NAME = AccentColor;
				CODE_SIGN_STYLE = Automatic;
				CURRENT_PROJECT_VERSION = 1;
				DEVELOPMENT_TEAM = 37FQQ4WXUX;
				GENERATE_INFOPLIST_FILE = YES;
				INFOPLIST_FILE = BonusmoneyTest/Resource/Info.plist;
				INFOPLIST_KEY_UIApplicationSupportsIndirectInputEvents = YES;
				INFOPLIST_KEY_UILaunchStoryboardName = LaunchScreen;
				INFOPLIST_KEY_UIMainStoryboardFile = "";
				INFOPLIST_KEY_UISupportedInterfaceOrientations_iPad = "UIInterfaceOrientationPortrait UIInterfaceOrientationPortraitUpsideDown UIInterfaceOrientationLandscapeLeft UIInterfaceOrientationLandscapeRight";
				INFOPLIST_KEY_UISupportedInterfaceOrientations_iPhone = "UIInterfaceOrientationPortrait UIInterfaceOrientationLandscapeLeft UIInterfaceOrientationLandscapeRight";
				IPHONEOS_DEPLOYMENT_TARGET = 14.0;
				LD_RUNPATH_SEARCH_PATHS = (
					"$(inherited)",
					"@executable_path/Frameworks",
				);
				MARKETING_VERSION = 1.0;
				PRODUCT_BUNDLE_IDENTIFIER = moc.liamg.leghimxela.purchase.test.MoneyTest;
				PRODUCT_NAME = "$(TARGET_NAME)";
				SUPPORTED_PLATFORMS = "iphoneos iphonesimulator";
				SUPPORTS_MACCATALYST = NO;
				SUPPORTS_MAC_DESIGNED_FOR_IPHONE_IPAD = YES;
				SWIFT_EMIT_LOC_STRINGS = YES;
				SWIFT_VERSION = 5.0;
				TARGETED_DEVICE_FAMILY = 1;
			};
			name = Release;
		};
/* End XCBuildConfiguration section */

/* Begin XCConfigurationList section */
		B56F209C2A09992600DCD54E /* Build configuration list for PBXProject "BonusmoneyTest" */ = {
			isa = XCConfigurationList;
			buildConfigurations = (
				B56F20B32A09992700DCD54E /* Debug */,
				B56F20B42A09992700DCD54E /* Release */,
			);
			defaultConfigurationIsVisible = 0;
			defaultConfigurationName = Release;
		};
		B56F20B52A09992700DCD54E /* Build configuration list for PBXNativeTarget "BonusmoneyTest" */ = {
			isa = XCConfigurationList;
			buildConfigurations = (
				B56F20B62A09992700DCD54E /* Debug */,
				B56F20B72A09992700DCD54E /* Release */,
			);
			defaultConfigurationIsVisible = 0;
			defaultConfigurationName = Release;
		};
/* End XCConfigurationList section */
	};
	rootObject = B56F20992A09992600DCD54E /* Project object */;
}
